
Microsoft Visual Studio Solution File, Format Version 12.00
# Visual Studio 15
VisualStudioVersion = 15.0.26730.12
MinimumVisualStudioVersion = 10.0.40219.1
Project("{FAE04EC0-301F-11D3-BF4B-00C04F79EFBC}") = "GreenGame", "GreenGame.csproj", "{5549D245-BDFC-BC12-3F09-1F50996834E8}"
EndProject
Project("{FAE04EC0-301F-11D3-BF4B-00C04F79EFBC}") = "GreenGame.Editor", "GreenGame.Editor.csproj", "{7AD65ADE-02E3-0818-585C-854974739707}"
EndProject
Global
	GlobalSection(SolutionConfigurationPlatforms) = preSolution
		Debug|Any CPU = Debug|Any CPU
		Release|Any CPU = Release|Any CPU
	EndGlobalSection
	GlobalSection(ProjectConfigurationPlatforms) = postSolution
		{5549D245-BDFC-BC12-3F09-1F50996834E8}.Debug|Any CPU.ActiveCfg = Debug|Any CPU
		{5549D245-BDFC-BC12-3F09-1F50996834E8}.Debug|Any CPU.Build.0 = Debug|Any CPU
		{5549D245-BDFC-BC12-3F09-1F50996834E8}.Release|Any CPU.ActiveCfg = Release|Any CPU
		{5549D245-BDFC-BC12-3F09-1F50996834E8}.Release|Any CPU.Build.0 = Release|Any CPU
		{7AD65ADE-02E3-0818-585C-854974739707}.Debug|Any CPU.ActiveCfg = Debug|Any CPU
		{7AD65ADE-02E3-0818-585C-854974739707}.Debug|Any CPU.Build.0 = Debug|Any CPU
		{7AD65ADE-02E3-0818-585C-854974739707}.Release|Any CPU.ActiveCfg = Release|Any CPU
		{7AD65ADE-02E3-0818-585C-854974739707}.Release|Any CPU.Build.0 = Release|Any CPU
	EndGlobalSection
	GlobalSection(SolutionProperties) = preSolution
		HideSolutionNode = FALSE
	EndGlobalSection
	GlobalSection(ExtensibilityGlobals) = postSolution
		SolutionGuid = {AC44D987-39B7-4B66-84EE-E06F3522F084}
	EndGlobalSection
EndGlobal
